# @generated by Move, please check-in and do not edit manually.

[move]
version = 0
manifest_digest = "7E2F6F4C344F7D884383572F56DA77FA01FA20047369E77B686485B54E1BA2C9"
deps_digest = "060AD7E57DFB13104F21BE5F5C3759D03F0553FC3229247D9A7A6B45F50D03A3"

dependencies = [
  { name = "DCA" },
  { name = "DeepBook" },
  { name = "Sui" },
]

[[move.package]]
name = "DCA"
source = { local = "../dca" }

dependencies = [
  { name = "Sui" },
  { name = "SuiTears" },
]

[[move.package]]
name = "DeepBook"
source = { git = "https://github.com/MystenLabs/sui.git", rev = "testnet", subdir = "crates/sui-framework/packages/deepbook" }

dependencies = [
  { name = "MoveStdlib" },
  { name = "Sui" },
]

[[move.package]]
name = "MoveStdlib"
source = { git = "https://github.com/MystenLabs/sui.git", rev = "testnet", subdir = "crates/sui-framework/packages/move-stdlib" }

[[move.package]]
name = "Sui"
source = { git = "https://github.com/MystenLabs/sui.git", rev = "testnet", subdir = "crates/sui-framework/packages/sui-framework" }

dependencies = [
  { name = "MoveStdlib" },
]

[[move.package]]
name = "SuiTears"
source = { git = "https://github.com/interest-protocol/suitears.git", rev = "testnet", subdir = "contracts" }

dependencies = [
  { name = "Sui" },
]

[move.toolchain-version]
compiler-version = "1.29.0"
edition = "2024.beta"
flavor = "sui"

[env]

[env.testnet]
chain-id = "4c78adac"
original-published-id = "0x721d95ec2f1b21b032bb54a85a4a79636a420c6131b633f4fbcebe054f6c8255"
latest-published-id = "0x721d95ec2f1b21b032bb54a85a4a79636a420c6131b633f4fbcebe054f6c8255"
published-version = "1"
