# @generated by Move, please check-in and do not edit manually.

[move]
version = 0
manifest_digest = "42926AD7D3BABE488D89CC1CB17A962FDB6B0222F7C8098654A39245742089A2"
deps_digest = "060AD7E57DFB13104F21BE5F5C3759D03F0553FC3229247D9A7A6B45F50D03A3"

dependencies = [
  { name = "DCA" },
  { name = "DeepBook" },
  { name = "Sui" },
]

[[move.package]]
name = "DCA"
source = { local = "../dca" }

dependencies = [
  { name = "Sui" },
  { name = "SuiTears" },
]

[[move.package]]
name = "DeepBook"
source = { git = "https://github.com/MystenLabs/sui.git", rev = "testnet", subdir = "crates/sui-framework/packages/deepbook" }

dependencies = [
  { name = "MoveStdlib" },
  { name = "Sui" },
]

[[move.package]]
name = "MoveStdlib"
source = { git = "https://github.com/MystenLabs/sui.git", rev = "testnet", subdir = "crates/sui-framework/packages/move-stdlib" }

[[move.package]]
name = "Sui"
source = { git = "https://github.com/MystenLabs/sui.git", rev = "testnet", subdir = "crates/sui-framework/packages/sui-framework" }

dependencies = [
  { name = "MoveStdlib" },
]

[[move.package]]
name = "SuiTears"
source = { git = "https://github.com/interest-protocol/suitears.git", rev = "testnet", subdir = "contracts" }

dependencies = [
  { name = "Sui" },
]

[move.toolchain-version]
compiler-version = "1.29.2"
edition = "2024.beta"
flavor = "sui"

[env]

[env.testnet]
chain-id = "4c78adac"
original-published-id = "0x5fee448eda1dd26b9fe1c8d72ee5228631c4b337c995d1e62dc8e61ef4aa30b9"
latest-published-id = "0x5fee448eda1dd26b9fe1c8d72ee5228631c4b337c995d1e62dc8e61ef4aa30b9"
published-version = "1"
