# @generated by Move, please check-in and do not edit manually.

[move]
version = 0
manifest_digest = "F120B1CF6032CC423E983AF439F82118FDAFB2D82DCBDAF546D3A2F110685928"
deps_digest = "52B406A7A21811BEF51751CF88DA0E76DAEFFEAC888D4F4060B1A72BBE7D8D35"

dependencies = [
  { name = "Cetus" },
  { name = "CetusClmm" },
  { name = "DCA" },
  { name = "DeepBook" },
  { name = "MoveStdlib" },
  { name = "Sui" },
]

[[move.package]]
name = "Cetus"
source = { local = "../interfaces/cetus/cetus" }

dependencies = [
  { name = "CetusClmm" },
  { name = "Sui" },
]

[[move.package]]
name = "CetusClmm"
source = { local = "../interfaces/cetus/cetus_clmm" }

dependencies = [
  { name = "IntegerMate" },
  { name = "MoveSTL" },
  { name = "Sui" },
]

[[move.package]]
name = "DCA"
source = { local = "../dca" }

dependencies = [
  { name = "MoveStdlib" },
  { name = "Sui" },
  { name = "SuiTears" },
]

[[move.package]]
name = "DeepBook"
source = { git = "https://github.com/MystenLabs/sui.git", rev = "framework/mainnet", subdir = "crates/sui-framework/packages/deepbook" }

dependencies = [
  { name = "MoveStdlib" },
  { name = "Sui" },
]

[[move.package]]
name = "IntegerMate"
source = { local = "../interfaces/cetus/integer-mate" }

dependencies = [
  { name = "Sui" },
]

[[move.package]]
name = "MoveSTL"
source = { local = "../interfaces/cetus/move-stl" }

dependencies = [
  { name = "Sui" },
]

[[move.package]]
name = "MoveStdlib"
source = { git = "https://github.com/MystenLabs/sui.git", rev = "framework/mainnet", subdir = "crates/sui-framework/packages/move-stdlib" }

[[move.package]]
name = "Sui"
source = { git = "https://github.com/MystenLabs/sui.git", rev = "framework/mainnet", subdir = "crates/sui-framework/packages/sui-framework" }

dependencies = [
  { name = "MoveStdlib" },
]

[[move.package]]
name = "SuiTears"
source = { git = "https://github.com/interest-protocol/suitears.git", rev = "main", subdir = "contracts" }

dependencies = [
  { name = "MoveStdlib" },
  { name = "Sui" },
]

[move.toolchain-version]
compiler-version = "1.27.2"
edition = "2024.beta"
flavor = "sui"
