# @generated by Move, please check-in and do not edit manually.

[move]
version = 0
manifest_digest = "849D10F9F9ACF582B42A1391BB6E080747F226AE74419D9664B50802C7C6412A"
deps_digest = "3C4103934B1E040BB6B23F1D610B4EF9F2F1166A50A104EADCF77467C004C600"

dependencies = [
  { name = "Sui" },
  { name = "SuiTears" },
]

[[move.package]]
name = "MoveStdlib"
source = { git = "https://github.com/MystenLabs/sui.git", rev = "mainnet", subdir = "crates/sui-framework/packages/move-stdlib" }

[[move.package]]
name = "Sui"
source = { git = "https://github.com/MystenLabs/sui.git", rev = "mainnet", subdir = "crates/sui-framework/packages/sui-framework" }

dependencies = [
  { name = "MoveStdlib" },
]

[[move.package]]
name = "SuiTears"
source = { git = "https://github.com/interest-protocol/suitears.git", rev = "main", subdir = "contracts" }

dependencies = [
  { name = "Sui" },
]

[move.toolchain-version]
compiler-version = "1.34.1"
edition = "2024.beta"
flavor = "sui"

[env]

[env.testnet]
chain-id = "4c78adac"
original-published-id = "0xdc0d29408c946eacd2e175639957fe8a9095f2cbbf222d15f9a77fc44413120c"
latest-published-id = "0xdc0d29408c946eacd2e175639957fe8a9095f2cbbf222d15f9a77fc44413120c"
published-version = "1"

[env.mainnet]
chain-id = "35834a8a"
original-published-id = "0x33d51e66410b5d98fdd013d16194ab35b43d5b8fc76523876cd5f971c52084dd"
latest-published-id = "0x84fbfcb11c2eb86f719f8c87c678ee72e56dbd6e1880b3b69bb2bcdeb95d80a1"
published-version = "4"
